PODS:
  - GTFSStationsParis (0.0.3):
    - SQLite.swift
    - SubwayStations
  - Nimble (7.3.1)
  - Quick (1.3.2)
  - SQLite.swift (0.11.5):
    - SQLite.swift/standard (= 0.11.5)
  - SQLite.swift/standard (0.11.5)
  - SubwayStations (0.2.1)

DEPENDENCIES:
  - GTFSStationsParis (from `../`)
  - Nimble
  - Quick

EXTERNAL SOURCES:
  GTFSStationsParis:
    :path: ../

SPEC CHECKSUMS:
  GTFSStationsParis: 933c4a0acd39c3ecbfac3918bce15403d5b91bf0
  Nimble: 04f732da099ea4d153122aec8c2a88fd0c7219ae
  Quick: 2623cb30d7a7f41ca62f684f679586558f483d46
  SQLite.swift: 6e5356850bb1791459f8c16d6ee9195b28714a2e
  SubwayStations: 73b3626f9b4961423c2d174b1141ff9758ec7d63

PODFILE CHECKSUM: 6704592ec25e90fc19d24b6fbe040f1365954fb7

COCOAPODS: 1.4.0
