PODS:
  - GTFSStationsParis (0.0.3):
    - SQLite.swift
    - SubwayStations
  - Nimble (6.0.1)
  - Quick (1.1.0)
  - SQLite.swift (0.11.2):
    - SQLite.swift/standard (= 0.11.2)
  - SQLite.swift/standard (0.11.2)
  - SubwayStations (0.1.0)

DEPENDENCIES:
  - GTFSStationsParis (from `../`)
  - Nimble
  - Quick

EXTERNAL SOURCES:
  GTFSStationsParis:
    :path: ../

SPEC CHECKSUMS:
  GTFSStationsParis: c23d511f4a4e395fc488826a0b4126300c7b2f6f
  Nimble: 1527fd1bd2b4cf0636251a36bc8ab37e81da8347
  Quick: dafc587e21eed9f4cab3249b9f9015b0b7a7f71d
  SQLite.swift: 670c3e9e0a806bbfd56a3de5d530768dc0e6fe7c
  SubwayStations: 3d26bc8393463c92f2743f9558992bd98d84bb9f

PODFILE CHECKSUM: 6b5784c43d6d747b4a5b4ccd5b02b3d16ff33edf

COCOAPODS: 1.2.0
